<?xml version="1.0" encoding="utf-8"?>
<Project ToolsVersion="4.0" xmlns="http://schemas.microsoft.com/developer/msbuild/2003">
  <ItemGroup>
    <Filter Include="Source Files">
      <UniqueIdentifier>{0f2d4ec4-21dc-4745-9a43-d98f95b63f94}</UniqueIdentifier>
      <Extensions>cpp;c;cxx;rc;def;r;odl;idl;hpj;bat</Extensions>
    </Filter>
    <Filter Include="Header Files">
      <UniqueIdentifier>{f756f753-9d74-4d13-a57d-d32f1899b255}</UniqueIdentifier>
      <Extensions>h;hpp;hxx;hm;inl</Extensions>
    </Filter>
    <Filter Include="Resource Files">
      <UniqueIdentifier>{35fbc038-1528-4f2e-82fc-1b74b9430e7f}</UniqueIdentifier>
      <Extensions>ico;cur;bmp;dlg;rc2;rct;bin;rgs;gif;jpg;jpeg;jpe</Extensions>
    </Filter>
  </ItemGroup>
  <ItemGroup>
    <ClCompile Include="ATLLogApp.cpp">
      <Filter>Source Files</Filter>
    </ClCompile>
    <ClCompile Include="CEventDlg.cpp">
      <Filter>Source Files</Filter>
    </ClCompile>
    <ClCompile Include="CoLogger.cpp">
      <Filter>Source Files</Filter>
    </ClCompile>
    <ClCompile Include="dlldatax.c">
      <Filter>Source Files</Filter>
    </ClCompile>
    <ClCompile Include="StdAfx.cpp">
      <Filter>Source Files</Filter>
    </ClCompile>
  </ItemGroup>
  <ItemGroup>
    <Midl Include="ATLLogApp.idl">
      <Filter>Source Files</Filter>
    </Midl>
  </ItemGroup>
  <ItemGroup>
    <ResourceCompile Include="ATLLogApp.rc">
      <Filter>Source Files</Filter>
    </ResourceCompile>
  </ItemGroup>
  <ItemGroup>
    <ClInclude Include="CEventDlg.h">
      <Filter>Header Files</Filter>
    </ClInclude>
    <ClInclude Include="CoLogger.h">
      <Filter>Header Files</Filter>
    </ClInclude>
    <ClInclude Include="dlldatax.h">
      <Filter>Header Files</Filter>
    </ClInclude>
    <ClInclude Include="Resource.h">
      <Filter>Header Files</Filter>
    </ClInclude>
    <ClInclude Include="StdAfx.h">
      <Filter>Header Files</Filter>
    </ClInclude>
  </ItemGroup>
  <ItemGroup>
    <CustomBuild Include="ATLLogApp.def">
      <Filter>Source Files</Filter>
    </CustomBuild>
    <CustomBuild Include="ManipulateDlg.rgs">
      <Filter>Resource Files</Filter>
    </CustomBuild>
  </ItemGroup>
</Project>